
Microsoft Visual Studio Solution File, Format Version 12.00
# Visual Studio Version 17
VisualStudioVersion = 17.2.32526.322
MinimumVisualStudioVersion = 10.0.40219.1
Project("{9A19103F-16F7-4668-BE54-9A1E7A4F7556}") = "AzureSprintcutter", "Sprintcutter\AzureSprintcutter.csproj", "{0DC7186F-2E1B-48C5-9E28-56765833BB42}"
EndProject
Global
	GlobalSection(SolutionConfigurationPlatforms) = preSolution
		Debug|Any CPU = Debug|Any CPU
		Release|Any CPU = Release|Any CPU
	EndGlobalSection
	GlobalSection(ProjectConfigurationPlatforms) = postSolution
		{0DC7186F-2E1B-48C5-9E28-56765833BB42}.Debug|Any CPU.ActiveCfg = Debug|Any CPU
		{0DC7186F-2E1B-48C5-9E28-56765833BB42}.Debug|Any CPU.Build.0 = Debug|Any CPU
		{0DC7186F-2E1B-48C5-9E28-56765833BB42}.Release|Any CPU.ActiveCfg = Release|Any CPU
		{0DC7186F-2E1B-48C5-9E28-56765833BB42}.Release|Any CPU.Build.0 = Release|Any CPU
	EndGlobalSection
	GlobalSection(SolutionProperties) = preSolution
		HideSolutionNode = FALSE
	EndGlobalSection
	GlobalSection(ExtensibilityGlobals) = postSolution
		SolutionGuid = {E8CF1A70-DD7A-4B62-B393-C4337032C095}
	EndGlobalSection
EndGlobal
